
Microsoft Visual Studio Solution File, Format Version 12.00
# Visual Studio Version 17
VisualStudioVersion = 17.0.31919.166
MinimumVisualStudioVersion = 10.0.40219.1
Project("{9A19103F-16F7-4668-BE54-9A1E7A4F7556}") = "Advent2021", "Advent2021\Advent2021.csproj", "{B38B485E-7C16-4E74-86BC-88FA4B26AD0E}"
EndProject
Project("{FAE04EC0-301F-11D3-BF4B-00C04F79EFBC}") = "Advent2021.Tests", "Advent2021.Tests\Advent2021.Tests.csproj", "{78E0F6FB-0D23-4600-874A-1AEC3DC844D5}"
EndProject
Global
	GlobalSection(SolutionConfigurationPlatforms) = preSolution
		Debug|Any CPU = Debug|Any CPU
		Release|Any CPU = Release|Any CPU
	EndGlobalSection
	GlobalSection(ProjectConfigurationPlatforms) = postSolution
		{B38B485E-7C16-4E74-86BC-88FA4B26AD0E}.Debug|Any CPU.ActiveCfg = Debug|Any CPU
		{B38B485E-7C16-4E74-86BC-88FA4B26AD0E}.Debug|Any CPU.Build.0 = Debug|Any CPU
		{B38B485E-7C16-4E74-86BC-88FA4B26AD0E}.Release|Any CPU.ActiveCfg = Release|Any CPU
		{B38B485E-7C16-4E74-86BC-88FA4B26AD0E}.Release|Any CPU.Build.0 = Release|Any CPU
		{12F87787-26BB-4D56-8201-C22E20BC7C22}.Debug|Any CPU.ActiveCfg = Debug|Any CPU
		{12F87787-26BB-4D56-8201-C22E20BC7C22}.Debug|Any CPU.Build.0 = Debug|Any CPU
		{12F87787-26BB-4D56-8201-C22E20BC7C22}.Release|Any CPU.ActiveCfg = Release|Any CPU
		{12F87787-26BB-4D56-8201-C22E20BC7C22}.Release|Any CPU.Build.0 = Release|Any CPU
		{78E0F6FB-0D23-4600-874A-1AEC3DC844D5}.Debug|Any CPU.ActiveCfg = Debug|Any CPU
		{78E0F6FB-0D23-4600-874A-1AEC3DC844D5}.Debug|Any CPU.Build.0 = Debug|Any CPU
		{78E0F6FB-0D23-4600-874A-1AEC3DC844D5}.Release|Any CPU.ActiveCfg = Release|Any CPU
		{78E0F6FB-0D23-4600-874A-1AEC3DC844D5}.Release|Any CPU.Build.0 = Release|Any CPU
	EndGlobalSection
	GlobalSection(SolutionProperties) = preSolution
		HideSolutionNode = FALSE
	EndGlobalSection
	GlobalSection(ExtensibilityGlobals) = postSolution
		SolutionGuid = {3D6E89D5-69C6-4DA1-BEDC-934A2CB0B991}
	EndGlobalSection
EndGlobal
